// !$*UTF8*$!
{
	archiveVersion = 1;
	classes = {
	};
	objectVersion = 50;
	objects = {

/* Begin PBXBuildFile section */
		90D4C2052102869700A322A9 /* UniNClipboard.mm in Sources */ = {isa = PBXBuildFile; fileRef = 90D4C2042102869700A322A9 /* UniNClipboard.mm */; };
		90D4C2082102874000A322A9 /* AppKit.framework in Frameworks */ = {isa = PBXBuildFile; fileRef = 90D4C2072102874000A322A9 /* AppKit.framework */; };
		90D4C20A210293DD00A322A9 /* UniNClipboard.bundle in CopyFiles */ = {isa = PBXBuildFile; fileRef = 90D4C1FB2102868200A322A9 /* UniNClipboard.bundle */; };
/* End PBXBuildFile section */

/* Begin PBXCopyFilesBuildPhase section */
		90D4C209210293C900A322A9 /* CopyFiles */ = {
			isa = PBXCopyFilesBuildPhase;
			buildActionMask = 2147483647;
			dstPath = "$(PROJECT_DIR)/../UniNClipboard/Assets/UniN/UniNClipboard/OSX/Native";
			dstSubfolderSpec = 0;
			files = (
				90D4C20A210293DD00A322A9 /* UniNClipboard.bundle in CopyFiles */,
			);
			runOnlyForDeploymentPostprocessing = 0;
		};
/* End PBXCopyFilesBuildPhase section */

/* Begin PBXFileReference section */
		90D4C1FB2102868200A322A9 /* UniNClipboard.bundle */ = {isa = PBXFileReference; explicitFileType = wrapper.cfbundle; includeInIndex = 0; path = UniNClipboard.bundle; sourceTree = BUILT_PRODUCTS_DIR; };
		90D4C1FE2102868200A322A9 /* Info.plist */ = {isa = PBXFileReference; lastKnownFileType = text.plist.xml; path = Info.plist; sourceTree = "<group>"; };
		90D4C2042102869700A322A9 /* UniNClipboard.mm */ = {isa = PBXFileReference; lastKnownFileType = sourcecode.cpp.objcpp; path = UniNClipboard.mm; sourceTree = "<group>"; };
		90D4C2072102874000A322A9 /* AppKit.framework */ = {isa = PBXFileReference; lastKnownFileType = wrapper.framework; name = AppKit.framework; path = System/Library/Frameworks/AppKit.framework; sourceTree = SDKROOT; };
/* End PBXFileReference section */

/* Begin PBXFrameworksBuildPhase section */
		90D4C1F82102868200A322A9 /* Frameworks */ = {
			isa = PBXFrameworksBuildPhase;
			buildActionMask = 2147483647;
			files = (
				90D4C2082102874000A322A9 /* AppKit.framework in Frameworks */,
			);
			runOnlyForDeploymentPostprocessing = 0;
		};
/* End PBXFrameworksBuildPhase section */

/* Begin PBXGroup section */
		90D4C1F22102868200A322A9 = {
			isa = PBXGroup;
			children = (
				90D4C1FD2102868200A322A9 /* UniNClipboard */,
				90D4C1FC2102868200A322A9 /* Products */,
				90D4C2062102874000A322A9 /* Frameworks */,
			);
			sourceTree = "<group>";
		};
		90D4C1FC2102868200A322A9 /* Products */ = {
			isa = PBXGroup;
			children = (
				90D4C1FB2102868200A322A9 /* UniNClipboard.bundle */,
			);
			name = Products;
			sourceTree = "<group>";
		};
		90D4C1FD2102868200A322A9 /* UniNClipboard */ = {
			isa = PBXGroup;
			children = (
				90D4C1FE2102868200A322A9 /* Info.plist */,
				90D4C2042102869700A322A9 /* UniNClipboard.mm */,
			);
			path = UniNClipboard;
			sourceTree = "<group>";
		};
		90D4C2062102874000A322A9 /* Frameworks */ = {
			isa = PBXGroup;
			children = (
				90D4C2072102874000A322A9 /* AppKit.framework */,
			);
			name = Frameworks;
			sourceTree = "<group>";
		};
/* End PBXGroup section */

/* Begin PBXNativeTarget section */
		90D4C1FA2102868200A322A9 /* UniNClipboard */ = {
			isa = PBXNativeTarget;
			buildConfigurationList = 90D4C2012102868200A322A9 /* Build configuration list for PBXNativeTarget "UniNClipboard" */;
			buildPhases = (
				90D4C1F72102868200A322A9 /* Sources */,
				90D4C1F82102868200A322A9 /* Frameworks */,
				90D4C1F92102868200A322A9 /* Resources */,
				90D4C209210293C900A322A9 /* CopyFiles */,
			);
			buildRules = (
			);
			dependencies = (
			);
			name = UniNClipboard;
			productName = UniNClipboard;
			productReference = 90D4C1FB2102868200A322A9 /* UniNClipboard.bundle */;
			productType = "com.apple.product-type.bundle";
		};
/* End PBXNativeTarget section */

/* Begin PBXProject section */
		90D4C1F32102868200A322A9 /* Project object */ = {
			isa = PBXProject;
			attributes = {
				LastUpgradeCheck = 0940;
				ORGANIZATIONNAME = "Daniel Lupiañez Casares";
				TargetAttributes = {
					90D4C1FA2102868200A322A9 = {
						CreatedOnToolsVersion = 9.4.1;
					};
				};
			};
			buildConfigurationList = 90D4C1F62102868200A322A9 /* Build configuration list for PBXProject "UniNClipboard" */;
			compatibilityVersion = "Xcode 9.3";
			developmentRegion = en;
			hasScannedForEncodings = 0;
			knownRegions = (
				en,
			);
			mainGroup = 90D4C1F22102868200A322A9;
			productRefGroup = 90D4C1FC2102868200A322A9 /* Products */;
			projectDirPath = "";
			projectRoot = "";
			targets = (
				90D4C1FA2102868200A322A9 /* UniNClipboard */,
			);
		};
/* End PBXProject section */

/* Begin PBXResourcesBuildPhase section */
		90D4C1F92102868200A322A9 /* Resources */ = {
			isa = PBXResourcesBuildPhase;
			buildActionMask = 2147483647;
			files = (
			);
			runOnlyForDeploymentPostprocessing = 0;
		};
/* End PBXResourcesBuildPhase section */

/* Begin PBXSourcesBuildPhase section */
		90D4C1F72102868200A322A9 /* Sources */ = {
			isa = PBXSourcesBuildPhase;
			buildActionMask = 2147483647;
			files = (
				90D4C2052102869700A322A9 /* UniNClipboard.mm in Sources */,
			);
			runOnlyForDeploymentPostprocessing = 0;
		};
/* End PBXSourcesBuildPhase section */

/* Begin XCBuildConfiguration section */
		90D4C1FF2102868200A322A9 /* Debug */ = {
			isa = XCBuildConfiguration;
			buildSettings = {
				ALWAYS_SEARCH_USER_PATHS = NO;
				CLANG_ANALYZER_NONNULL = YES;
				CLANG_ANALYZER_NUMBER_OBJECT_CONVERSION = YES_AGGRESSIVE;
				CLANG_CXX_LANGUAGE_STANDARD = "gnu++14";
				CLANG_CXX_LIBRARY = "libc++";
				CLANG_ENABLE_MODULES = YES;
				CLANG_ENABLE_OBJC_ARC = YES;
				CLANG_ENABLE_OBJC_WEAK = YES;
				CLANG_WARN_BLOCK_CAPTURE_AUTORELEASING = YES;
				CLANG_WARN_BOOL_CONVERSION = YES;
				CLANG_WARN_COMMA = YES;
				CLANG_WARN_CONSTANT_CONVERSION = YES;
				CLANG_WARN_DEPRECATED_OBJC_IMPLEMENTATIONS = YES;
				CLANG_WARN_DIRECT_OBJC_ISA_USAGE = YES_ERROR;
				CLANG_WARN_DOCUMENTATION_COMMENTS = YES;
				CLANG_WARN_EMPTY_BODY = YES;
				CLANG_WARN_ENUM_CONVERSION = YES;
				CLANG_WARN_INFINITE_RECURSION = YES;
				CLANG_WARN_INT_CONVERSION = YES;
				CLANG_WARN_NON_LITERAL_NULL_CONVERSION = YES;
				CLANG_WARN_OBJC_IMPLICIT_RETAIN_SELF = YES;
				CLANG_WARN_OBJC_LITERAL_CONVERSION = YES;
				CLANG_WARN_OBJC_ROOT_CLASS = YES_ERROR;
				CLANG_WARN_RANGE_LOOP_ANALYSIS = YES;
				CLANG_WARN_STRICT_PROTOTYPES = YES;
				CLANG_WARN_SUSPICIOUS_MOVE = YES;
				CLANG_WARN_UNGUARDED_AVAILABILITY = YES_AGGRESSIVE;
				CLANG_WARN_UNREACHABLE_CODE = YES;
				CLANG_WARN__DUPLICATE_METHOD_MATCH = YES;
				CODE_SIGN_IDENTITY = "-";
				COPY_PHASE_STRIP = NO;
				DEBUG_INFORMATION_FORMAT = dwarf;
				ENABLE_STRICT_OBJC_MSGSEND = YES;
				ENABLE_TESTABILITY = YES;
				GCC_C_LANGUAGE_STANDARD = gnu11;
				GCC_DYNAMIC_NO_PIC = NO;
				GCC_NO_COMMON_BLOCKS = YES;
				GCC_OPTIMIZATION_LEVEL = 0;
				GCC_PREPROCESSOR_DEFINITIONS = (
					"DEBUG=1",
					"$(inherited)",
				);
				GCC_WARN_64_TO_32_BIT_CONVERSION = YES;
				GCC_WARN_ABOUT_RETURN_TYPE = YES_ERROR;
				GCC_WARN_UNDECLARED_SELECTOR = YES;
				GCC_WARN_UNINITIALIZED_AUTOS = YES_AGGRESSIVE;
				GCC_WARN_UNUSED_FUNCTION = YES;
				GCC_WARN_UNUSED_VARIABLE = YES;
				MACOSX_DEPLOYMENT_TARGET = 10.13;
				MTL_ENABLE_DEBUG_INFO = YES;
				ONLY_ACTIVE_ARCH = YES;
				SDKROOT = macosx;
			};
			name = Debug;
		};
		90D4C2002102868200A322A9 /* Release */ = {
			isa = XCBuildConfiguration;
			buildSettings = {
				ALWAYS_SEARCH_USER_PATHS = NO;
				CLANG_ANALYZER_NONNULL = YES;
				CLANG_ANALYZER_NUMBER_OBJECT_CONVERSION = YES_AGGRESSIVE;
				CLANG_CXX_LANGUAGE_STANDARD = "gnu++14";
				CLANG_CXX_LIBRARY = "libc++";
				CLANG_ENABLE_MODULES = YES;
				CLANG_ENABLE_OBJC_ARC = YES;
				CLANG_ENABLE_OBJC_WEAK = YES;
				CLANG_WARN_BLOCK_CAPTURE_AUTORELEASING = YES;
				CLANG_WARN_BOOL_CONVERSION = YES;
				CLANG_WARN_COMMA = YES;
				CLANG_WARN_CONSTANT_CONVERSION = YES;
				CLANG_WARN_DEPRECATED_OBJC_IMPLEMENTATIONS = YES;
				CLANG_WARN_DIRECT_OBJC_ISA_USAGE = YES_ERROR;
				CLANG_WARN_DOCUMENTATION_COMMENTS = YES;
				CLANG_WARN_EMPTY_BODY = YES;
				CLANG_WARN_ENUM_CONVERSION = YES;
				CLANG_WARN_INFINITE_RECURSION = YES;
				CLANG_WARN_INT_CONVERSION = YES;
				CLANG_WARN_NON_LITERAL_NULL_CONVERSION = YES;
				CLANG_WARN_OBJC_IMPLICIT_RETAIN_SELF = YES;
				CLANG_WARN_OBJC_LITERAL_CONVERSION = YES;
				CLANG_WARN_OBJC_ROOT_CLASS = YES_ERROR;
				CLANG_WARN_RANGE_LOOP_ANALYSIS = YES;
				CLANG_WARN_STRICT_PROTOTYPES = YES;
				CLANG_WARN_SUSPICIOUS_MOVE = YES;
				CLANG_WARN_UNGUARDED_AVAILABILITY = YES_AGGRESSIVE;
				CLANG_WARN_UNREACHABLE_CODE = YES;
				CLANG_WARN__DUPLICATE_METHOD_MATCH = YES;
				CODE_SIGN_IDENTITY = "-";
				COPY_PHASE_STRIP = NO;
				DEBUG_INFORMATION_FORMAT = "dwarf-with-dsym";
				ENABLE_NS_ASSERTIONS = NO;
				ENABLE_STRICT_OBJC_MSGSEND = YES;
				GCC_C_LANGUAGE_STANDARD = gnu11;
				GCC_NO_COMMON_BLOCKS = YES;
				GCC_WARN_64_TO_32_BIT_CONVERSION = YES;
				GCC_WARN_ABOUT_RETURN_TYPE = YES_ERROR;
				GCC_WARN_UNDECLARED_SELECTOR = YES;
				GCC_WARN_UNINITIALIZED_AUTOS = YES_AGGRESSIVE;
				GCC_WARN_UNUSED_FUNCTION = YES;
				GCC_WARN_UNUSED_VARIABLE = YES;
				MACOSX_DEPLOYMENT_TARGET = 10.13;
				MTL_ENABLE_DEBUG_INFO = NO;
				SDKROOT = macosx;
			};
			name = Release;
		};
		90D4C2022102868200A322A9 /* Debug */ = {
			isa = XCBuildConfiguration;
			buildSettings = {
				CODE_SIGN_STYLE = Automatic;
				COMBINE_HIDPI_IMAGES = YES;
				INFOPLIST_FILE = UniNClipboard/Info.plist;
				INSTALL_PATH = "$(LOCAL_LIBRARY_DIR)/Bundles";
				PRODUCT_BUNDLE_IDENTIFIER = com.lupidan.UniNClipboard;
				PRODUCT_NAME = "$(TARGET_NAME)";
				SKIP_INSTALL = YES;
				WRAPPER_EXTENSION = bundle;
			};
			name = Debug;
		};
		90D4C2032102868200A322A9 /* Release */ = {
			isa = XCBuildConfiguration;
			buildSettings = {
				CODE_SIGN_STYLE = Automatic;
				COMBINE_HIDPI_IMAGES = YES;
				INFOPLIST_FILE = UniNClipboard/Info.plist;
				INSTALL_PATH = "$(LOCAL_LIBRARY_DIR)/Bundles";
				PRODUCT_BUNDLE_IDENTIFIER = com.lupidan.UniNClipboard;
				PRODUCT_NAME = "$(TARGET_NAME)";
				SKIP_INSTALL = YES;
				WRAPPER_EXTENSION = bundle;
			};
			name = Release;
		};
/* End XCBuildConfiguration section */

/* Begin XCConfigurationList section */
		90D4C1F62102868200A322A9 /* Build configuration list for PBXProject "UniNClipboard" */ = {
			isa = XCConfigurationList;
			buildConfigurations = (
				90D4C1FF2102868200A322A9 /* Debug */,
				90D4C2002102868200A322A9 /* Release */,
			);
			defaultConfigurationIsVisible = 0;
			defaultConfigurationName = Release;
		};
		90D4C2012102868200A322A9 /* Build configuration list for PBXNativeTarget "UniNClipboard" */ = {
			isa = XCConfigurationList;
			buildConfigurations = (
				90D4C2022102868200A322A9 /* Debug */,
				90D4C2032102868200A322A9 /* Release */,
			);
			defaultConfigurationIsVisible = 0;
			defaultConfigurationName = Release;
		};
/* End XCConfigurationList section */
	};
	rootObject = 90D4C1F32102868200A322A9 /* Project object */;
}
